// !$*UTF8*$!
{
	archiveVersion = 1;
	classes = {
	};
	objectVersion = 50;
	objects = {

/* Begin PBXBuildFile section */
		275BD215224EEDA100A7D483 /* AppDelegate.swift in Sources */ = {isa = PBXBuildFile; fileRef = 275BD214224EEDA100A7D483 /* AppDelegate.swift */; };
		275BD217224EEDA100A7D483 /* ToDoListViewController.swift in Sources */ = {isa = PBXBuildFile; fileRef = 275BD216224EEDA100A7D483 /* ToDoListViewController.swift */; };
		275BD21A224EEDA100A7D483 /* Main.storyboard in Resources */ = {isa = PBXBuildFile; fileRef = 275BD218224EEDA100A7D483 /* Main.storyboard */; };
		275BD21C224EEDA300A7D483 /* Assets.xcassets in Resources */ = {isa = PBXBuildFile; fileRef = 275BD21B224EEDA300A7D483 /* Assets.xcassets */; };
		275BD21F224EEDA300A7D483 /* LaunchScreen.storyboard in Resources */ = {isa = PBXBuildFile; fileRef = 275BD21D224EEDA300A7D483 /* LaunchScreen.storyboard */; };
		275BD230225D25B000A7D483 /* CategoryViewController.swift in Sources */ = {isa = PBXBuildFile; fileRef = 275BD22F225D25B000A7D483 /* CategoryViewController.swift */; };
		275BD2342260FD9100A7D483 /* Category.swift in Sources */ = {isa = PBXBuildFile; fileRef = 275BD2332260FD9100A7D483 /* Category.swift */; };
		275BD2362260FD9D00A7D483 /* Item.swift in Sources */ = {isa = PBXBuildFile; fileRef = 275BD2352260FD9D00A7D483 /* Item.swift */; };
		275BD2382266C47D00A7D483 /* SwipeTableViewController.swift in Sources */ = {isa = PBXBuildFile; fileRef = 275BD2372266C47D00A7D483 /* SwipeTableViewController.swift */; };
		2FEBE7A6CDF14D27737C4EC9 /* Pods_Todooey.framework in Frameworks */ = {isa = PBXBuildFile; fileRef = BC0EB2CFAD1C87F992F966E3 /* Pods_Todooey.framework */; };
/* End PBXBuildFile section */

/* Begin PBXFileReference section */
		275BD211224EEDA100A7D483 /* Todooey.app */ = {isa = PBXFileReference; explicitFileType = wrapper.application; includeInIndex = 0; path = Todooey.app; sourceTree = BUILT_PRODUCTS_DIR; };
		275BD214224EEDA100A7D483 /* AppDelegate.swift */ = {isa = PBXFileReference; lastKnownFileType = sourcecode.swift; path = AppDelegate.swift; sourceTree = "<group>"; };
		275BD216224EEDA100A7D483 /* ToDoListViewController.swift */ = {isa = PBXFileReference; lastKnownFileType = sourcecode.swift; path = ToDoListViewController.swift; sourceTree = "<group>"; };
		275BD219224EEDA100A7D483 /* Base */ = {isa = PBXFileReference; lastKnownFileType = file.storyboard; name = Base; path = Base.lproj/Main.storyboard; sourceTree = "<group>"; };
		275BD21B224EEDA300A7D483 /* Assets.xcassets */ = {isa = PBXFileReference; lastKnownFileType = folder.assetcatalog; path = Assets.xcassets; sourceTree = "<group>"; };
		275BD21E224EEDA300A7D483 /* Base */ = {isa = PBXFileReference; lastKnownFileType = file.storyboard; name = Base; path = Base.lproj/LaunchScreen.storyboard; sourceTree = "<group>"; };
		275BD220224EEDA300A7D483 /* Info.plist */ = {isa = PBXFileReference; lastKnownFileType = text.plist.xml; path = Info.plist; sourceTree = "<group>"; };
		275BD22F225D25B000A7D483 /* CategoryViewController.swift */ = {isa = PBXFileReference; lastKnownFileType = sourcecode.swift; path = CategoryViewController.swift; sourceTree = "<group>"; };
		275BD2332260FD9100A7D483 /* Category.swift */ = {isa = PBXFileReference; lastKnownFileType = sourcecode.swift; path = Category.swift; sourceTree = "<group>"; };
		275BD2352260FD9D00A7D483 /* Item.swift */ = {isa = PBXFileReference; lastKnownFileType = sourcecode.swift; path = Item.swift; sourceTree = "<group>"; };
		275BD2372266C47D00A7D483 /* SwipeTableViewController.swift */ = {isa = PBXFileReference; lastKnownFileType = sourcecode.swift; path = SwipeTableViewController.swift; sourceTree = "<group>"; };
		6F9BEB022DAB45079AF10C7A /* Pods-Todooey.release.xcconfig */ = {isa = PBXFileReference; includeInIndex = 1; lastKnownFileType = text.xcconfig; name = "Pods-Todooey.release.xcconfig"; path = "Target Support Files/Pods-Todooey/Pods-Todooey.release.xcconfig"; sourceTree = "<group>"; };
		88AC0991CF727CDDC15FCBB9 /* Pods-Todooey.debug.xcconfig */ = {isa = PBXFileReference; includeInIndex = 1; lastKnownFileType = text.xcconfig; name = "Pods-Todooey.debug.xcconfig"; path = "Target Support Files/Pods-Todooey/Pods-Todooey.debug.xcconfig"; sourceTree = "<group>"; };
		BC0EB2CFAD1C87F992F966E3 /* Pods_Todooey.framework */ = {isa = PBXFileReference; explicitFileType = wrapper.framework; includeInIndex = 0; path = Pods_Todooey.framework; sourceTree = BUILT_PRODUCTS_DIR; };
/* End PBXFileReference section */

/* Begin PBXFrameworksBuildPhase section */
		275BD20E224EEDA100A7D483 /* Frameworks */ = {
			isa = PBXFrameworksBuildPhase;
			buildActionMask = 2147483647;
			files = (
				2FEBE7A6CDF14D27737C4EC9 /* Pods_Todooey.framework in Frameworks */,
			);
			runOnlyForDeploymentPostprocessing = 0;
		};
/* End PBXFrameworksBuildPhase section */

/* Begin PBXGroup section */
		01FB333F7A18080C4D740056 /* Frameworks */ = {
			isa = PBXGroup;
			children = (
				BC0EB2CFAD1C87F992F966E3 /* Pods_Todooey.framework */,
			);
			name = Frameworks;
			sourceTree = "<group>";
		};
		275BD208224EEDA100A7D483 = {
			isa = PBXGroup;
			children = (
				275BD213224EEDA100A7D483 /* Todooey */,
				275BD212224EEDA100A7D483 /* Products */,
				A9A0575A0EF17707E0532F8B /* Pods */,
				01FB333F7A18080C4D740056 /* Frameworks */,
			);
			sourceTree = "<group>";
		};
		275BD212224EEDA100A7D483 /* Products */ = {
			isa = PBXGroup;
			children = (
				275BD211224EEDA100A7D483 /* Todooey.app */,
			);
			name = Products;
			sourceTree = "<group>";
		};
		275BD213224EEDA100A7D483 /* Todooey */ = {
			isa = PBXGroup;
			children = (
				275BD214224EEDA100A7D483 /* AppDelegate.swift */,
				275BD22A2257F0E200A7D483 /* Controllers */,
				275BD2282257F09700A7D483 /* Data Model */,
				275BD2292257F0B300A7D483 /* Views */,
				275BD22B2257F12300A7D483 /* Supporting Files */,
				275BD220224EEDA300A7D483 /* Info.plist */,
			);
			path = Todooey;
			sourceTree = "<group>";
		};
		275BD2282257F09700A7D483 /* Data Model */ = {
			isa = PBXGroup;
			children = (
				275BD2332260FD9100A7D483 /* Category.swift */,
				275BD2352260FD9D00A7D483 /* Item.swift */,
			);
			path = "Data Model";
			sourceTree = "<group>";
		};
		275BD2292257F0B300A7D483 /* Views */ = {
			isa = PBXGroup;
			children = (
				275BD218224EEDA100A7D483 /* Main.storyboard */,
			);
			path = Views;
			sourceTree = "<group>";
		};
		275BD22A2257F0E200A7D483 /* Controllers */ = {
			isa = PBXGroup;
			children = (
				275BD22F225D25B000A7D483 /* CategoryViewController.swift */,
				275BD216224EEDA100A7D483 /* ToDoListViewController.swift */,
				275BD2372266C47D00A7D483 /* SwipeTableViewController.swift */,
			);
			path = Controllers;
			sourceTree = "<group>";
		};
		275BD22B2257F12300A7D483 /* Supporting Files */ = {
			isa = PBXGroup;
			children = (
				275BD21B224EEDA300A7D483 /* Assets.xcassets */,
				275BD21D224EEDA300A7D483 /* LaunchScreen.storyboard */,
			);
			path = "Supporting Files";
			sourceTree = "<group>";
		};
		A9A0575A0EF17707E0532F8B /* Pods */ = {
			isa = PBXGroup;
			children = (
				88AC0991CF727CDDC15FCBB9 /* Pods-Todooey.debug.xcconfig */,
				6F9BEB022DAB45079AF10C7A /* Pods-Todooey.release.xcconfig */,
			);
			path = Pods;
			sourceTree = "<group>";
		};
/* End PBXGroup section */

/* Begin PBXNativeTarget section */
		275BD210224EEDA100A7D483 /* Todooey */ = {
			isa = PBXNativeTarget;
			buildConfigurationList = 275BD223224EEDA300A7D483 /* Build configuration list for PBXNativeTarget "Todooey" */;
			buildPhases = (
				1FC9E00D6B3F844ED8CBF940 /* [CP] Check Pods Manifest.lock */,
				275BD20D224EEDA100A7D483 /* Sources */,
				275BD20E224EEDA100A7D483 /* Frameworks */,
				275BD20F224EEDA100A7D483 /* Resources */,
				47DC5900650227C355F2B536 /* [CP] Embed Pods Frameworks */,
			);
			buildRules = (
			);
			dependencies = (
			);
			name = Todooey;
			productName = Todooey;
			productReference = 275BD211224EEDA100A7D483 /* Todooey.app */;
			productType = "com.apple.product-type.application";
		};
/* End PBXNativeTarget section */

/* Begin PBXProject section */
		275BD209224EEDA100A7D483 /* Project object */ = {
			isa = PBXProject;
			attributes = {
				LastSwiftUpdateCheck = 1020;
				LastUpgradeCheck = 1020;
				ORGANIZATIONNAME = "Nathaniel Warner";
				TargetAttributes = {
					275BD210224EEDA100A7D483 = {
						CreatedOnToolsVersion = 10.2;
					};
				};
			};
			buildConfigurationList = 275BD20C224EEDA100A7D483 /* Build configuration list for PBXProject "Todooey" */;
			compatibilityVersion = "Xcode 9.3";
			developmentRegion = en;
			hasScannedForEncodings = 0;
			knownRegions = (
				en,
				Base,
			);
			mainGroup = 275BD208224EEDA100A7D483;
			productRefGroup = 275BD212224EEDA100A7D483 /* Products */;
			projectDirPath = "";
			projectRoot = "";
			targets = (
				275BD210224EEDA100A7D483 /* Todooey */,
			);
		};
/* End PBXProject section */

/* Begin PBXResourcesBuildPhase section */
		275BD20F224EEDA100A7D483 /* Resources */ = {
			isa = PBXResourcesBuildPhase;
			buildActionMask = 2147483647;
			files = (
				275BD21F224EEDA300A7D483 /* LaunchScreen.storyboard in Resources */,
				275BD21C224EEDA300A7D483 /* Assets.xcassets in Resources */,
				275BD21A224EEDA100A7D483 /* Main.storyboard in Resources */,
			);
			runOnlyForDeploymentPostprocessing = 0;
		};
/* End PBXResourcesBuildPhase section */

/* Begin PBXShellScriptBuildPhase section */
		1FC9E00D6B3F844ED8CBF940 /* [CP] Check Pods Manifest.lock */ = {
			isa = PBXShellScriptBuildPhase;
			buildActionMask = 2147483647;
			files = (
			);
			inputFileListPaths = (
			);
			inputPaths = (
				"${PODS_PODFILE_DIR_PATH}/Podfile.lock",
				"${PODS_ROOT}/Manifest.lock",
			);
			name = "[CP] Check Pods Manifest.lock";
			outputFileListPaths = (
			);
			outputPaths = (
				"$(DERIVED_FILE_DIR)/Pods-Todooey-checkManifestLockResult.txt",
			);
			runOnlyForDeploymentPostprocessing = 0;
			shellPath = /bin/sh;
			shellScript = "diff \"${PODS_PODFILE_DIR_PATH}/Podfile.lock\" \"${PODS_ROOT}/Manifest.lock\" > /dev/null\nif [ $? != 0 ] ; then\n    # print error to STDERR\n    echo \"error: The sandbox is not in sync with the Podfile.lock. Run 'pod install' or update your CocoaPods installation.\" >&2\n    exit 1\nfi\n# This output is used by Xcode 'outputs' to avoid re-running this script phase.\necho \"SUCCESS\" > \"${SCRIPT_OUTPUT_FILE_0}\"\n";
			showEnvVarsInLog = 0;
		};
		47DC5900650227C355F2B536 /* [CP] Embed Pods Frameworks */ = {
			isa = PBXShellScriptBuildPhase;
			buildActionMask = 2147483647;
			files = (
			);
			inputFileListPaths = (
			);
			inputPaths = (
				"${PODS_ROOT}/Target Support Files/Pods-Todooey/Pods-Todooey-frameworks.sh",
				"${BUILT_PRODUCTS_DIR}/ChameleonFramework/ChameleonFramework.framework",
				"${BUILT_PRODUCTS_DIR}/Realm/Realm.framework",
				"${BUILT_PRODUCTS_DIR}/RealmSwift/RealmSwift.framework",
				"${BUILT_PRODUCTS_DIR}/SwipeCellKit/SwipeCellKit.framework",
			);
			name = "[CP] Embed Pods Frameworks";
			outputFileListPaths = (
			);
			outputPaths = (
				"${TARGET_BUILD_DIR}/${FRAMEWORKS_FOLDER_PATH}/ChameleonFramework.framework",
				"${TARGET_BUILD_DIR}/${FRAMEWORKS_FOLDER_PATH}/Realm.framework",
				"${TARGET_BUILD_DIR}/${FRAMEWORKS_FOLDER_PATH}/RealmSwift.framework",
				"${TARGET_BUILD_DIR}/${FRAMEWORKS_FOLDER_PATH}/SwipeCellKit.framework",
			);
			runOnlyForDeploymentPostprocessing = 0;
			shellPath = /bin/sh;
			shellScript = "\"${PODS_ROOT}/Target Support Files/Pods-Todooey/Pods-Todooey-frameworks.sh\"\n";
			showEnvVarsInLog = 0;
		};
/* End PBXShellScriptBuildPhase section */

/* Begin PBXSourcesBuildPhase section */
		275BD20D224EEDA100A7D483 /* Sources */ = {
			isa = PBXSourcesBuildPhase;
			buildActionMask = 2147483647;
			files = (
				275BD2362260FD9D00A7D483 /* Item.swift in Sources */,
				275BD230225D25B000A7D483 /* CategoryViewController.swift in Sources */,
				275BD217224EEDA100A7D483 /* ToDoListViewController.swift in Sources */,
				275BD215224EEDA100A7D483 /* AppDelegate.swift in Sources */,
				275BD2382266C47D00A7D483 /* SwipeTableViewController.swift in Sources */,
				275BD2342260FD9100A7D483 /* Category.swift in Sources */,
			);
			runOnlyForDeploymentPostprocessing = 0;
		};
/* End PBXSourcesBuildPhase section */

/* Begin PBXVariantGroup section */
		275BD218224EEDA100A7D483 /* Main.storyboard */ = {
			isa = PBXVariantGroup;
			children = (
				275BD219224EEDA100A7D483 /* Base */,
			);
			name = Main.storyboard;
			sourceTree = "<group>";
		};
		275BD21D224EEDA300A7D483 /* LaunchScreen.storyboard */ = {
			isa = PBXVariantGroup;
			children = (
				275BD21E224EEDA300A7D483 /* Base */,
			);
			name = LaunchScreen.storyboard;
			sourceTree = "<group>";
		};
/* End PBXVariantGroup section */

/* Begin XCBuildConfiguration section */
		275BD221224EEDA300A7D483 /* Debug */ = {
			isa = XCBuildConfiguration;
			buildSettings = {
				ALWAYS_SEARCH_USER_PATHS = NO;
				CLANG_ANALYZER_NONNULL = YES;
				CLANG_ANALYZER_NUMBER_OBJECT_CONVERSION = YES_AGGRESSIVE;
				CLANG_CXX_LANGUAGE_STANDARD = "gnu++14";
				CLANG_CXX_LIBRARY = "libc++";
				CLANG_ENABLE_MODULES = YES;
				CLANG_ENABLE_OBJC_ARC = YES;
				CLANG_ENABLE_OBJC_WEAK = YES;
				CLANG_WARN_BLOCK_CAPTURE_AUTORELEASING = YES;
				CLANG_WARN_BOOL_CONVERSION = YES;
				CLANG_WARN_COMMA = YES;
				CLANG_WARN_CONSTANT_CONVERSION = YES;
				CLANG_WARN_DEPRECATED_OBJC_IMPLEMENTATIONS = YES;
				CLANG_WARN_DIRECT_OBJC_ISA_USAGE = YES_ERROR;
				CLANG_WARN_DOCUMENTATION_COMMENTS = YES;
				CLANG_WARN_EMPTY_BODY = YES;
				CLANG_WARN_ENUM_CONVERSION = YES;
				CLANG_WARN_INFINITE_RECURSION = YES;
				CLANG_WARN_INT_CONVERSION = YES;
				CLANG_WARN_NON_LITERAL_NULL_CONVERSION = YES;
				CLANG_WARN_OBJC_IMPLICIT_RETAIN_SELF = YES;
				CLANG_WARN_OBJC_LITERAL_CONVERSION = YES;
				CLANG_WARN_OBJC_ROOT_CLASS = YES_ERROR;
				CLANG_WARN_RANGE_LOOP_ANALYSIS = YES;
				CLANG_WARN_STRICT_PROTOTYPES = YES;
				CLANG_WARN_SUSPICIOUS_MOVE = YES;
				CLANG_WARN_UNGUARDED_AVAILABILITY = YES_AGGRESSIVE;
				CLANG_WARN_UNREACHABLE_CODE = YES;
				CLANG_WARN__DUPLICATE_METHOD_MATCH = YES;
				CODE_SIGN_IDENTITY = "iPhone Developer";
				COPY_PHASE_STRIP = NO;
				DEBUG_INFORMATION_FORMAT = dwarf;
				ENABLE_STRICT_OBJC_MSGSEND = YES;
				ENABLE_TESTABILITY = YES;
				GCC_C_LANGUAGE_STANDARD = gnu11;
				GCC_DYNAMIC_NO_PIC = NO;
				GCC_NO_COMMON_BLOCKS = YES;
				GCC_OPTIMIZATION_LEVEL = 0;
				GCC_PREPROCESSOR_DEFINITIONS = (
					"DEBUG=1",
					"$(inherited)",
				);
				GCC_WARN_64_TO_32_BIT_CONVERSION = YES;
				GCC_WARN_ABOUT_RETURN_TYPE = YES_ERROR;
				GCC_WARN_UNDECLARED_SELECTOR = YES;
				GCC_WARN_UNINITIALIZED_AUTOS = YES_AGGRESSIVE;
				GCC_WARN_UNUSED_FUNCTION = YES;
				GCC_WARN_UNUSED_VARIABLE = YES;
				IPHONEOS_DEPLOYMENT_TARGET = 12.2;
				MTL_ENABLE_DEBUG_INFO = INCLUDE_SOURCE;
				MTL_FAST_MATH = YES;
				ONLY_ACTIVE_ARCH = YES;
				SDKROOT = iphoneos;
				SWIFT_ACTIVE_COMPILATION_CONDITIONS = DEBUG;
				SWIFT_OPTIMIZATION_LEVEL = "-Onone";
			};
			name = Debug;
		};
		275BD222224EEDA300A7D483 /* Release */ = {
			isa = XCBuildConfiguration;
			buildSettings = {
				ALWAYS_SEARCH_USER_PATHS = NO;
				CLANG_ANALYZER_NONNULL = YES;
				CLANG_ANALYZER_NUMBER_OBJECT_CONVERSION = YES_AGGRESSIVE;
				CLANG_CXX_LANGUAGE_STANDARD = "gnu++14";
				CLANG_CXX_LIBRARY = "libc++";
				CLANG_ENABLE_MODULES = YES;
				CLANG_ENABLE_OBJC_ARC = YES;
				CLANG_ENABLE_OBJC_WEAK = YES;
				CLANG_WARN_BLOCK_CAPTURE_AUTORELEASING = YES;
				CLANG_WARN_BOOL_CONVERSION = YES;
				CLANG_WARN_COMMA = YES;
				CLANG_WARN_CONSTANT_CONVERSION = YES;
				CLANG_WARN_DEPRECATED_OBJC_IMPLEMENTATIONS = YES;
				CLANG_WARN_DIRECT_OBJC_ISA_USAGE = YES_ERROR;
				CLANG_WARN_DOCUMENTATION_COMMENTS = YES;
				CLANG_WARN_EMPTY_BODY = YES;
				CLANG_WARN_ENUM_CONVERSION = YES;
				CLANG_WARN_INFINITE_RECURSION = YES;
				CLANG_WARN_INT_CONVERSION = YES;
				CLANG_WARN_NON_LITERAL_NULL_CONVERSION = YES;
				CLANG_WARN_OBJC_IMPLICIT_RETAIN_SELF = YES;
				CLANG_WARN_OBJC_LITERAL_CONVERSION = YES;
				CLANG_WARN_OBJC_ROOT_CLASS = YES_ERROR;
				CLANG_WARN_RANGE_LOOP_ANALYSIS = YES;
				CLANG_WARN_STRICT_PROTOTYPES = YES;
				CLANG_WARN_SUSPICIOUS_MOVE = YES;
				CLANG_WARN_UNGUARDED_AVAILABILITY = YES_AGGRESSIVE;
				CLANG_WARN_UNREACHABLE_CODE = YES;
				CLANG_WARN__DUPLICATE_METHOD_MATCH = YES;
				CODE_SIGN_IDENTITY = "iPhone Developer";
				COPY_PHASE_STRIP = NO;
				DEBUG_INFORMATION_FORMAT = "dwarf-with-dsym";
				ENABLE_NS_ASSERTIONS = NO;
				ENABLE_STRICT_OBJC_MSGSEND = YES;
				GCC_C_LANGUAGE_STANDARD = gnu11;
				GCC_NO_COMMON_BLOCKS = YES;
				GCC_WARN_64_TO_32_BIT_CONVERSION = YES;
				GCC_WARN_ABOUT_RETURN_TYPE = YES_ERROR;
				GCC_WARN_UNDECLARED_SELECTOR = YES;
				GCC_WARN_UNINITIALIZED_AUTOS = YES_AGGRESSIVE;
				GCC_WARN_UNUSED_FUNCTION = YES;
				GCC_WARN_UNUSED_VARIABLE = YES;
				IPHONEOS_DEPLOYMENT_TARGET = 12.2;
				MTL_ENABLE_DEBUG_INFO = NO;
				MTL_FAST_MATH = YES;
				SDKROOT = iphoneos;
				SWIFT_COMPILATION_MODE = wholemodule;
				SWIFT_OPTIMIZATION_LEVEL = "-O";
				VALIDATE_PRODUCT = YES;
			};
			name = Release;
		};
		275BD224224EEDA300A7D483 /* Debug */ = {
			isa = XCBuildConfiguration;
			baseConfigurationReference = 88AC0991CF727CDDC15FCBB9 /* Pods-Todooey.debug.xcconfig */;
			buildSettings = {
				ASSETCATALOG_COMPILER_APPICON_NAME = AppIcon;
				CODE_SIGN_STYLE = Automatic;
				DEVELOPMENT_TEAM = UY2549FQJ7;
				INFOPLIST_FILE = Todooey/Info.plist;
				LD_RUNPATH_SEARCH_PATHS = (
					"$(inherited)",
					"@executable_path/Frameworks",
				);
				PRODUCT_BUNDLE_IDENTIFIER = com.nwarner.Todooey;
				PRODUCT_NAME = "$(TARGET_NAME)";
				SWIFT_VERSION = 5.0;
				TARGETED_DEVICE_FAMILY = "1,2";
			};
			name = Debug;
		};
		275BD225224EEDA300A7D483 /* Release */ = {
			isa = XCBuildConfiguration;
			baseConfigurationReference = 6F9BEB022DAB45079AF10C7A /* Pods-Todooey.release.xcconfig */;
			buildSettings = {
				ASSETCATALOG_COMPILER_APPICON_NAME = AppIcon;
				CODE_SIGN_STYLE = Automatic;
				DEVELOPMENT_TEAM = UY2549FQJ7;
				INFOPLIST_FILE = Todooey/Info.plist;
				LD_RUNPATH_SEARCH_PATHS = (
					"$(inherited)",
					"@executable_path/Frameworks",
				);
				PRODUCT_BUNDLE_IDENTIFIER = com.nwarner.Todooey;
				PRODUCT_NAME = "$(TARGET_NAME)";
				SWIFT_VERSION = 5.0;
				TARGETED_DEVICE_FAMILY = "1,2";
			};
			name = Release;
		};
/* End XCBuildConfiguration section */

/* Begin XCConfigurationList section */
		275BD20C224EEDA100A7D483 /* Build configuration list for PBXProject "Todooey" */ = {
			isa = XCConfigurationList;
			buildConfigurations = (
				275BD221224EEDA300A7D483 /* Debug */,
				275BD222224EEDA300A7D483 /* Release */,
			);
			defaultConfigurationIsVisible = 0;
			defaultConfigurationName = Release;
		};
		275BD223224EEDA300A7D483 /* Build configuration list for PBXNativeTarget "Todooey" */ = {
			isa = XCConfigurationList;
			buildConfigurations = (
				275BD224224EEDA300A7D483 /* Debug */,
				275BD225224EEDA300A7D483 /* Release */,
			);
			defaultConfigurationIsVisible = 0;
			defaultConfigurationName = Release;
		};
/* End XCConfigurationList section */
	};
	rootObject = 275BD209224EEDA100A7D483 /* Project object */;
}
